
Microsoft Visual Studio Solution File, Format Version 12.00
# Visual Studio Version 16
VisualStudioVersion = 16.0.32126.315
MinimumVisualStudioVersion = 10.0.40219.1
Project("{FAE04EC0-301F-11D3-BF4B-00C04F79EFBC}") = "DirectoriesAndFiles", "DirectoriesAndFiles\DirectoriesAndFiles.csproj", "{902FA13B-9A98-4014-B363-C92E6FF1099D}"
EndProject
Project("{FAE04EC0-301F-11D3-BF4B-00C04F79EFBC}") = "WishList", "WishList\WishList.csproj", "{5BDB2FEA-8DD1-4483-9A02-035CA355A0A8}"
EndProject
Project("{FAE04EC0-301F-11D3-BF4B-00C04F79EFBC}") = "MyWishListFile", "MyWishListFile\MyWishListFile.csproj", "{1A1E5B56-5110-4712-9AF4-4228CB09D532}"
EndProject
Project("{FAE04EC0-301F-11D3-BF4B-00C04F79EFBC}") = "ShoppingList1", "ShoppingList1\ShoppingList1.csproj", "{C8862A96-102C-4278-8EF0-8D7E919E5700}"
EndProject
Project("{FAE04EC0-301F-11D3-BF4B-00C04F79EFBC}") = "ShoppingList2", "ShoppingList2\ShoppingList2.csproj", "{4E18E1B7-88D3-4E48-8167-D5D271CFDB49}"
EndProject
Global
	GlobalSection(SolutionConfigurationPlatforms) = preSolution
		Debug|Any CPU = Debug|Any CPU
		Release|Any CPU = Release|Any CPU
	EndGlobalSection
	GlobalSection(ProjectConfigurationPlatforms) = postSolution
		{902FA13B-9A98-4014-B363-C92E6FF1099D}.Debug|Any CPU.ActiveCfg = Debug|Any CPU
		{902FA13B-9A98-4014-B363-C92E6FF1099D}.Debug|Any CPU.Build.0 = Debug|Any CPU
		{902FA13B-9A98-4014-B363-C92E6FF1099D}.Release|Any CPU.ActiveCfg = Release|Any CPU
		{902FA13B-9A98-4014-B363-C92E6FF1099D}.Release|Any CPU.Build.0 = Release|Any CPU
		{5BDB2FEA-8DD1-4483-9A02-035CA355A0A8}.Debug|Any CPU.ActiveCfg = Debug|Any CPU
		{5BDB2FEA-8DD1-4483-9A02-035CA355A0A8}.Debug|Any CPU.Build.0 = Debug|Any CPU
		{5BDB2FEA-8DD1-4483-9A02-035CA355A0A8}.Release|Any CPU.ActiveCfg = Release|Any CPU
		{5BDB2FEA-8DD1-4483-9A02-035CA355A0A8}.Release|Any CPU.Build.0 = Release|Any CPU
		{1A1E5B56-5110-4712-9AF4-4228CB09D532}.Debug|Any CPU.ActiveCfg = Debug|Any CPU
		{1A1E5B56-5110-4712-9AF4-4228CB09D532}.Debug|Any CPU.Build.0 = Debug|Any CPU
		{1A1E5B56-5110-4712-9AF4-4228CB09D532}.Release|Any CPU.ActiveCfg = Release|Any CPU
		{1A1E5B56-5110-4712-9AF4-4228CB09D532}.Release|Any CPU.Build.0 = Release|Any CPU
		{C8862A96-102C-4278-8EF0-8D7E919E5700}.Debug|Any CPU.ActiveCfg = Debug|Any CPU
		{C8862A96-102C-4278-8EF0-8D7E919E5700}.Debug|Any CPU.Build.0 = Debug|Any CPU
		{C8862A96-102C-4278-8EF0-8D7E919E5700}.Release|Any CPU.ActiveCfg = Release|Any CPU
		{C8862A96-102C-4278-8EF0-8D7E919E5700}.Release|Any CPU.Build.0 = Release|Any CPU
		{4E18E1B7-88D3-4E48-8167-D5D271CFDB49}.Debug|Any CPU.ActiveCfg = Debug|Any CPU
		{4E18E1B7-88D3-4E48-8167-D5D271CFDB49}.Debug|Any CPU.Build.0 = Debug|Any CPU
		{4E18E1B7-88D3-4E48-8167-D5D271CFDB49}.Release|Any CPU.ActiveCfg = Release|Any CPU
		{4E18E1B7-88D3-4E48-8167-D5D271CFDB49}.Release|Any CPU.Build.0 = Release|Any CPU
	EndGlobalSection
	GlobalSection(SolutionProperties) = preSolution
		HideSolutionNode = FALSE
	EndGlobalSection
	GlobalSection(ExtensibilityGlobals) = postSolution
		SolutionGuid = {B5075112-C2AC-406E-88A4-DD669EE999C1}
	EndGlobalSection
EndGlobal
